github.com/mattn/go-sqlite3 v1.14.16 h1:yOQRA0RpS5PFz/oikGwBEqvAWhWg5ufRz4ETLjwpU1Y=
github.com/mattn/go-sqlite3 v1.14.16/go.mod h1:2eHXhiwb8IkHr+BDWZGa96P6+rkvnG63S2DGjv9HUNg=
<<<<<<< HEAD
github.com/wup364/pakku v0.0.5 h1:WtJ/eVXAprhBPooB0cSfrfX7miojZTiS4fmM8yf2E30=
github.com/wup364/pakku v0.0.5/go.mod h1:W19oCFXIoPzNZpt3DuJ+dFPBYPgZO/gKQm8cl0y0bAg=
=======
github.com/wup364/pakku v0.0.6 h1:A6XUDmqrzvqmR5iKTiUYMcTJg7XbumYvL8uil9Hbbc0=
github.com/wup364/pakku v0.0.6/go.mod h1:W19oCFXIoPzNZpt3DuJ+dFPBYPgZO/gKQm8cl0y0bAg=
>>>>>>> 30c18c42f42e25d448fe3b3906bda06cbfce4e2a
